
Microsoft Visual Studio Solution File, Format Version 12.00
# Visual Studio Version 16
VisualStudioVersion = 16.0.31829.152
MinimumVisualStudioVersion = 10.0.40219.1
Project("{9A19103F-16F7-4668-BE54-9A1E7A4F7556}") = "RazorPagesProject", "RazorPagesProject\RazorPagesProject.csproj", "{EE4E4315-6176-4924-9135-5050CEB9E1C3}"
EndProject
Global
	GlobalSection(SolutionConfigurationPlatforms) = preSolution
		Debug|Any CPU = Debug|Any CPU
		Release|Any CPU = Release|Any CPU
	EndGlobalSection
	GlobalSection(ProjectConfigurationPlatforms) = postSolution
		{EE4E4315-6176-4924-9135-5050CEB9E1C3}.Debug|Any CPU.ActiveCfg = Debug|Any CPU
		{EE4E4315-6176-4924-9135-5050CEB9E1C3}.Debug|Any CPU.Build.0 = Debug|Any CPU
		{EE4E4315-6176-4924-9135-5050CEB9E1C3}.Release|Any CPU.ActiveCfg = Release|Any CPU
		{EE4E4315-6176-4924-9135-5050CEB9E1C3}.Release|Any CPU.Build.0 = Release|Any CPU
	EndGlobalSection
	GlobalSection(SolutionProperties) = preSolution
		HideSolutionNode = FALSE
	EndGlobalSection
	GlobalSection(ExtensibilityGlobals) = postSolution
		SolutionGuid = {68E9A419-F1B5-4510-B34A-317D44FCE9D6}
	EndGlobalSection
EndGlobal
